# This file is autogenerated, do not edit; changes may be undone by the next 'dep ensure'.


[[projects]]
  branch = "master"
  digest = "1:0296ee1ea79f78060b44458a816950f9b388b1cee78b870527cdb122d5010e29"
  name = "golang.org/x/crypto"
  packages = ["hkdf"]
  pruneopts = ""
  revision = "4f8c1d86b1ba699e7a66cd649947ed270a74e0bb"

[solve-meta]
  analyzer-name = "dep"
  analyzer-version = 1
  input-imports = ["golang.org/x/crypto/hkdf"]
  solver-name = "gps-cdcl"
  solver-version = 1
